packages:
  adv_dbg_if:
    revision: 19eeef8cae1cbec7413877b3f29fe0bd078748d7
    version: 0.0.2
    source:
      Git: https://github.com/pulp-platform/adv_dbg_if.git
    dependencies: []
  apb:
    revision: d077333a7e5cc80008935dc2761440532dfdce81
    version: 0.1.0
    source:
      Git: https://github.com/pulp-platform/apb.git
    dependencies: []
  apb2per:
    revision: 6fc13fc0bfa71772d91391893e57306d0d95befa
    version: 0.1.0
    source:
      Git: https://github.com/pulp-platform/apb2per.git
    dependencies: []
  apb_adv_timer:
    revision: c8faec1e1755386d0e0f31a55ebd80612a3dcea9
    version: 1.0.4
    source:
      Git: https://github.com/pulp-platform/apb_adv_timer.git
    dependencies:
    - tech_cells_generic
  apb_fll_if:
    revision: a1f67b624fe379d4d319c809656b672f0267cfc8
    version: 0.1.3
    source:
      Git: https://github.com/pulp-platform/apb_fll_if.git
    dependencies:
    - apb
  apb_gpio:
    revision: 0e9f142f2f11278445c953ad011fce1c7ed85b66
    version: null
    source:
      Git: https://github.com/pulp-platform/apb_gpio.git
    dependencies: []
  apb_interrupt_cntrl:
    revision: 86d650f590a385cc0d5148125528527377f0527c
    version: 0.1.2
    source:
      Git: https://github.com/pulp-platform/apb_interrupt_cntrl.git
    dependencies:
    - common_cells
  apb_node:
    revision: 4e350ef4980141397e3e17ced00e310e30f8dc95
    version: 0.1.1
    source:
      Git: https://github.com/pulp-platform/apb_node.git
    dependencies:
    - apb
  axi:
    revision: f07498d53ecd5518b277c7d213ec3b71ca4df93c
    version: 0.39.7
    source:
      Git: https://github.com/pulp-platform/axi.git
    dependencies:
    - common_cells
    - common_verification
    - tech_cells_generic
  axi2mem:
    revision: be0c696709acaee579787ba2432d26ad27640594
    version: 1.0.2
    source:
      Git: https://github.com/pulp-platform/axi2mem.git
    dependencies:
    - axi_slice
    - common_cells
  axi2per:
    revision: e8ca052a745e184ca960933b2fe416b725e9ca81
    version: 1.0.2
    source:
      Git: https://github.com/pulp-platform/axi2per.git
    dependencies:
    - axi_slice
  axi_slice:
    revision: a4f72bc21ac4d7da631e8309d9f8d0c34b735c23
    version: 1.1.4
    source:
      Git: https://github.com/pulp-platform/axi_slice.git
    dependencies:
    - common_cells
  axi_stream:
    revision: 54891ff40455ca94a37641b9da4604647878cc07
    version: 0.1.1
    source:
      Git: https://github.com/pulp-platform/axi_stream.git
    dependencies:
    - common_cells
  cluster_icache:
    revision: null
    version: null
    source:
      Path: working_dir/cluster_icache
    dependencies:
    - axi
    - common_cells
    - scm
    - tech_cells_generic
  cluster_interconnect:
    revision: 1284def6c0b7f7e9355eb093d00883ad9dead1b7
    version: null
    source:
      Git: https://github.com/pulp-platform/cluster_interconnect.git
    dependencies:
    - common_cells
  cluster_peripherals:
    revision: e464eb9ddcc39e5a50009819601c4f213b1d4ba3
    version: 2.2.0
    source:
      Git: https://github.com/pulp-platform/cluster_peripherals.git
    dependencies:
    - hci
  common_cells:
    revision: 9afda9abb565971649c2aa0985639c096f351171
    version: 1.38.0
    source:
      Git: https://github.com/pulp-platform/common_cells.git
    dependencies:
    - common_verification
    - tech_cells_generic
  common_verification:
    revision: fb1885f48ea46164a10568aeff51884389f67ae3
    version: 0.2.5
    source:
      Git: https://github.com/pulp-platform/common_verification.git
    dependencies: []
  cv32e40p:
    revision: 1a93f340e9dadb9f7c8c471f27a40932c8b1c62e
    version: null
    source:
      Git: https://github.com/pulp-platform/cv32e40p.git
    dependencies:
    - common_cells
    - fpnew
    - tech_cells_generic
  event_unit_flex:
    revision: 28e0499374117c7b0ef4c6ad81b60d7526af886f
    version: null
    source:
      Git: https://github.com/pulp-platform/event_unit_flex.git
    dependencies:
    - common_cells
  fpnew:
    revision: null
    version: null
    source:
      Path: working_dir/fpnew
    dependencies:
    - common_cells
    - fpu_div_sqrt_mvp
  fpu_div_sqrt_mvp:
    revision: 86e1f558b3c95e91577c41b2fc452c86b04e85ac
    version: 1.0.4
    source:
      Git: https://github.com/pulp-platform/fpu_div_sqrt_mvp.git
    dependencies:
    - common_cells
  generic_fll:
    revision: 1c92dc73a940392182fd4cb7b86f35649b349595
    version: 0.2.0
    source:
      Git: https://github.com/pulp-platform/generic_FLL.git
    dependencies: []
  hci:
    revision: aed9005c761827c6cbff2ea9a15f9cc37acd1169
    version: null
    source:
      Git: https://github.com/pulp-platform/hci.git
    dependencies:
    - cluster_interconnect
    - common_cells
    - hwpe-stream
    - l2_tcdm_hybrid_interco
    - redundancy_cells
    - register_interface
  hier-icache:
    revision: 7243834d2407ca23cff583d57641c84b982bd9bc
    version: 1.3.0
    source:
      Git: https://github.com/pulp-platform/hier-icache.git
    dependencies:
    - axi
    - axi_slice
    - common_cells
    - icache-intc
    - scm
    - tech_cells_generic
  hwpe-ctrl:
    revision: a5966201aeeb988d607accdc55da933a53c6a56e
    version: null
    source:
      Git: https://github.com/pulp-platform/hwpe-ctrl.git
    dependencies:
    - tech_cells_generic
  hwpe-mac-engine:
    revision: cd48c574f1972ecbe02d3f463a0e12a92acde484
    version: 1.3.3
    source:
      Git: https://github.com/pulp-platform/hwpe-mac-engine.git
    dependencies:
    - hwpe-ctrl
    - hwpe-stream
  hwpe-stream:
    revision: b3d33afdd27e79bcda1348d0ab5f4afd52c03106
    version: 1.9.0
    source:
      Git: https://github.com/pulp-platform/hwpe-stream.git
    dependencies:
    - tech_cells_generic
  ibex:
    revision: b18f7ef178ed07f5085051f96042c670a919fd5c
    version: null
    source:
      Git: https://github.com/pulp-platform/ibex.git
    dependencies:
    - tech_cells_generic
  icache-intc:
    revision: 663c3b6d3c2bf63ff25cda46f33c799c647b3985
    version: 1.0.1
    source:
      Git: https://github.com/pulp-platform/icache-intc.git
    dependencies: []
  idma:
    revision: e4e9c6fe385f6803052e3b2c09722638d6172359
    version: null
    source:
      Git: https://github.com/RiccardoGandolfi/iDMA.git
    dependencies:
    - axi
    - axi_stream
    - common_cells
    - common_verification
    - obi
    - register_interface
  jtag_pulp:
    revision: d22e828aef0484c79355d97d12de044c97e1f20f
    version: 0.2.0
    source:
      Git: https://github.com/pulp-platform/jtag_pulp.git
    dependencies: []
  l2_tcdm_hybrid_interco:
    revision: fa55e72859dcfb117a2788a77352193bef94ff2b
    version: 1.0.0
    source:
      Git: https://github.com/pulp-platform/L2_tcdm_hybrid_interco.git
    dependencies: []
  mchan:
    revision: 3f2ae92f78e2ddbd0e079cbb4f81fcc248171c12
    version: 1.2.4
    source:
      Git: https://github.com/pulp-platform/mchan.git
    dependencies:
    - common_cells
  neureka:
    revision: f23d22a2d630cf8e4d524c919bfd943ab9e4998d
    version: null
    source:
      Git: https://github.com/pulp-platform/neureka.git
    dependencies:
    - hci
    - hwpe-ctrl
    - hwpe-stream
    - register_interface
    - zeroriscy
  obi:
    revision: c2141a653c755461ff44f61d12aeb5d99fc8e760
    version: 0.1.3
    source:
      Git: https://github.com/pulp-platform/obi.git
    dependencies:
    - common_cells
    - common_verification
  per2axi:
    revision: 18cf4f2ad51b73de0448843ce0def54ab5fb274b
    version: 1.0.5
    source:
      Git: https://github.com/pulp-platform/per2axi.git
    dependencies:
    - axi_slice
  pulp_cluster:
    revision: null
    version: null
    source:
      Path: working_dir/pulp_cluster
    dependencies:
    - axi
    - axi2mem
    - axi2per
    - cluster_icache
    - cluster_interconnect
    - cluster_peripherals
    - common_cells
    - cv32e40p
    - event_unit_flex
    - hci
    - hier-icache
    - ibex
    - idma
    - mchan
    - neureka
    - obi
    - per2axi
    - redmule
    - redundancy_cells
    - register_interface
    - riscv
    - scm
    - softex
    - tech_cells_generic
    - timer_unit
  pulp_soc:
    revision: null
    version: null
    source:
      Path: working_dir/pulp_soc
    dependencies:
    - adv_dbg_if
    - apb
    - apb2per
    - apb_adv_timer
    - apb_fll_if
    - apb_gpio
    - apb_interrupt_cntrl
    - apb_node
    - axi
    - axi_slice
    - cluster_interconnect
    - common_cells
    - cv32e40p
    - fpnew
    - generic_fll
    - hwpe-mac-engine
    - ibex
    - jtag_pulp
    - l2_tcdm_hybrid_interco
    - register_interface
    - riscv-dbg
    - scm
    - tech_cells_generic
    - timer_unit
    - udma_camera
    - udma_core
    - udma_external_per
    - udma_filter
    - udma_hyper
    - udma_i2c
    - udma_i2s
    - udma_qspi
    - udma_sdio
    - udma_uart
  redmule:
    revision: 9223ccc932e21d0667e9c2d30831db41eec9299e
    version: null
    source:
      Git: https://github.com/pulp-platform/redmule.git
    dependencies:
    - common_cells
    - cv32e40p
    - fpnew
    - hci
    - hwpe-ctrl
    - hwpe-stream
    - register_interface
    - tech_cells_generic
  redundancy_cells:
    revision: 49e714b97a19a7aaddf064ae2757c8f02d1f62dc
    version: null
    source:
      Git: https://github.com/pulp-platform/redundancy_cells.git
    dependencies:
    - common_cells
    - common_verification
    - register_interface
    - tech_cells_generic
  register_interface:
    revision: 5daa85d164cf6b54ad061ea1e4c6f3624556e467
    version: 0.4.5
    source:
      Git: https://github.com/pulp-platform/register_interface.git
    dependencies:
    - apb
    - axi
    - common_cells
    - common_verification
  riscv:
    revision: null
    version: null
    source:
      Path: working_dir/riscv
    dependencies:
    - fpnew
    - tech_cells_generic
  riscv-dbg:
    revision: null
    version: null
    source:
      Path: working_dir/riscv-dbg
    dependencies:
    - common_cells
    - tech_cells_generic
  scm:
    revision: 472f99affe44ff7b282b519c047a3cfeb35b16c6
    version: 1.2.0
    source:
      Git: https://github.com/pulp-platform/scm.git
    dependencies:
    - tech_cells_generic
  softex:
    revision: 11dd29e85d40e29fea0481b471f1c0cc967df1a4
    version: null
    source:
      Git: https://github.com/belanoa/softex.git
    dependencies:
    - common_cells
    - fpnew
    - hci
    - hwpe-ctrl
    - hwpe-stream
    - ibex
  tbtools:
    revision: 4bc2c825df8540a0c0210ab7f484533809801fa2
    version: 0.2.1
    source:
      Git: https://github.com/pulp-platform/tbtools.git
    dependencies: []
  tech_cells_generic:
    revision: 7968dd6e6180df2c644636bc6d2908a49f2190cf
    version: 0.2.13
    source:
      Git: https://github.com/pulp-platform/tech_cells_generic.git
    dependencies:
    - common_verification
  timer_unit:
    revision: 4c69615c89db9397a9747d6f6d6a36727854f0bc
    version: 1.0.3
    source:
      Git: https://github.com/pulp-platform/timer_unit.git
    dependencies: []
  udma_camera:
    revision: cfcd80416ef18f8e8139188b8dfa52a8a7f6f7c8
    version: 1.1.2
    source:
      Git: https://github.com/pulp-platform/udma_camera.git
    dependencies:
    - tech_cells_generic
    - udma_core
  udma_core:
    revision: 7af2db5ea8cee3ecfe8e0e647bbdbc7f58ecb73b
    version: 1.1.2
    source:
      Git: https://github.com/pulp-platform/udma_core.git
    dependencies:
    - common_cells
    - tech_cells_generic
  udma_external_per:
    revision: 8674ecd131a173915a69ee9e4a04edf8745cbcf4
    version: 1.0.4
    source:
      Git: https://github.com/pulp-platform/udma_external_per.git
    dependencies:
    - udma_core
  udma_filter:
    revision: a11e2057e7b21852e978b744714c384de49228cf
    version: 1.0.3
    source:
      Git: https://github.com/pulp-platform/udma_filter.git
    dependencies:
    - udma_core
  udma_hyper:
    revision: 83ab704f9d1c5f9e5353268c901fe95c36bcea36
    version: null
    source:
      Git: https://github.com/pulp-platform/udma_hyper.git
    dependencies: []
  udma_i2c:
    revision: 47d6892e38eb0e45692c81a5f47d71945098ffa0
    version: 2.0.0
    source:
      Git: https://github.com/pulp-platform/udma_i2c.git
    dependencies:
    - udma_core
  udma_i2s:
    revision: f63cb528dbff7d580c87fd4de90dbdf0ab69048e
    version: 1.1.2
    source:
      Git: https://github.com/pulp-platform/udma_i2s.git
    dependencies:
    - common_cells
    - tech_cells_generic
    - udma_core
  udma_qspi:
    revision: ddbe8a2e530a5edafc93fe1a25f47fb4b8716bd8
    version: 1.0.4
    source:
      Git: https://github.com/pulp-platform/udma_qspi.git
    dependencies:
    - common_cells
    - tech_cells_generic
    - udma_core
  udma_sdio:
    revision: e768162ef48ad8fd873daa995ac51269fc82ec4f
    version: 1.1.2
    source:
      Git: https://github.com/pulp-platform/udma_sdio.git
    dependencies:
    - common_cells
    - tech_cells_generic
    - udma_core
  udma_uart:
    revision: 18ed1986fd62920b1065005c370fd740995cfd4a
    version: 1.0.2
    source:
      Git: https://github.com/pulp-platform/udma_uart.git
    dependencies:
    - common_cells
    - udma_core
  zeroriscy:
    revision: cc4068a0ccb7691cd062b809c34b2304e7fbfa36
    version: null
    source:
      Git: https://github.com/yvantor/ibex.git
    dependencies: []
